
Microsoft Visual Studio Solution File, Format Version 12.00
# Visual Studio Version 17
VisualStudioVersion = 17.8.34511.84
MinimumVisualStudioVersion = 10.0.40219.1
Project("{8BC9CEB8-8B4A-11D0-8D11-00A0C91BC942}") = "Project1", "Project1\Project1.vcxproj", "{35DB4279-2570-4A10-BEE3-C86E992DAE76}"
EndProject
Project("{8BC9CEB8-8B4A-11D0-8D11-00A0C91BC942}") = "Task1", "Task1\Task1.vcxproj", "{1056CD6D-4146-4564-8EFE-9E273911932E}"
EndProject
Project("{8BC9CEB8-8B4A-11D0-8D11-00A0C91BC942}") = "Task2", "Task2\Task2.vcxproj", "{77F66D5A-C688-4DEC-9C85-EE8F3AF5CE87}"
EndProject
Project("{8BC9CEB8-8B4A-11D0-8D11-00A0C91BC942}") = "Task3", "Task3\Task3.vcxproj", "{BD4A8DE3-00CB-4213-8D18-2D14D9CE923B}"
EndProject
Global
	GlobalSection(SolutionConfigurationPlatforms) = preSolution
		Debug|x64 = Debug|x64
		Debug|x86 = Debug|x86
		Release|x64 = Release|x64
		Release|x86 = Release|x86
	EndGlobalSection
	GlobalSection(ProjectConfigurationPlatforms) = postSolution
		{35DB4279-2570-4A10-BEE3-C86E992DAE76}.Debug|x64.ActiveCfg = Debug|x64
		{35DB4279-2570-4A10-BEE3-C86E992DAE76}.Debug|x64.Build.0 = Debug|x64
		{35DB4279-2570-4A10-BEE3-C86E992DAE76}.Debug|x86.ActiveCfg = Debug|Win32
		{35DB4279-2570-4A10-BEE3-C86E992DAE76}.Debug|x86.Build.0 = Debug|Win32
		{35DB4279-2570-4A10-BEE3-C86E992DAE76}.Release|x64.ActiveCfg = Release|x64
		{35DB4279-2570-4A10-BEE3-C86E992DAE76}.Release|x64.Build.0 = Release|x64
		{35DB4279-2570-4A10-BEE3-C86E992DAE76}.Release|x86.ActiveCfg = Release|Win32
		{35DB4279-2570-4A10-BEE3-C86E992DAE76}.Release|x86.Build.0 = Release|Win32
		{1056CD6D-4146-4564-8EFE-9E273911932E}.Debug|x64.ActiveCfg = Debug|x64
		{1056CD6D-4146-4564-8EFE-9E273911932E}.Debug|x64.Build.0 = Debug|x64
		{1056CD6D-4146-4564-8EFE-9E273911932E}.Debug|x86.ActiveCfg = Debug|Win32
		{1056CD6D-4146-4564-8EFE-9E273911932E}.Debug|x86.Build.0 = Debug|Win32
		{1056CD6D-4146-4564-8EFE-9E273911932E}.Release|x64.ActiveCfg = Release|x64
		{1056CD6D-4146-4564-8EFE-9E273911932E}.Release|x64.Build.0 = Release|x64
		{1056CD6D-4146-4564-8EFE-9E273911932E}.Release|x86.ActiveCfg = Release|Win32
		{1056CD6D-4146-4564-8EFE-9E273911932E}.Release|x86.Build.0 = Release|Win32
		{77F66D5A-C688-4DEC-9C85-EE8F3AF5CE87}.Debug|x64.ActiveCfg = Debug|x64
		{77F66D5A-C688-4DEC-9C85-EE8F3AF5CE87}.Debug|x64.Build.0 = Debug|x64
		{77F66D5A-C688-4DEC-9C85-EE8F3AF5CE87}.Debug|x86.ActiveCfg = Debug|Win32
		{77F66D5A-C688-4DEC-9C85-EE8F3AF5CE87}.Debug|x86.Build.0 = Debug|Win32
		{77F66D5A-C688-4DEC-9C85-EE8F3AF5CE87}.Release|x64.ActiveCfg = Release|x64
		{77F66D5A-C688-4DEC-9C85-EE8F3AF5CE87}.Release|x64.Build.0 = Release|x64
		{77F66D5A-C688-4DEC-9C85-EE8F3AF5CE87}.Release|x86.ActiveCfg = Release|Win32
		{77F66D5A-C688-4DEC-9C85-EE8F3AF5CE87}.Release|x86.Build.0 = Release|Win32
		{BD4A8DE3-00CB-4213-8D18-2D14D9CE923B}.Debug|x64.ActiveCfg = Debug|x64
		{BD4A8DE3-00CB-4213-8D18-2D14D9CE923B}.Debug|x64.Build.0 = Debug|x64
		{BD4A8DE3-00CB-4213-8D18-2D14D9CE923B}.Debug|x86.ActiveCfg = Debug|Win32
		{BD4A8DE3-00CB-4213-8D18-2D14D9CE923B}.Debug|x86.Build.0 = Debug|Win32
		{BD4A8DE3-00CB-4213-8D18-2D14D9CE923B}.Release|x64.ActiveCfg = Release|x64
		{BD4A8DE3-00CB-4213-8D18-2D14D9CE923B}.Release|x64.Build.0 = Release|x64
		{BD4A8DE3-00CB-4213-8D18-2D14D9CE923B}.Release|x86.ActiveCfg = Release|Win32
		{BD4A8DE3-00CB-4213-8D18-2D14D9CE923B}.Release|x86.Build.0 = Release|Win32
	EndGlobalSection
	GlobalSection(SolutionProperties) = preSolution
		HideSolutionNode = FALSE
	EndGlobalSection
	GlobalSection(ExtensibilityGlobals) = postSolution
		SolutionGuid = {611F6D09-0348-4F6E-8885-7F18FD67E57B}
	EndGlobalSection
EndGlobal
